
Microsoft Visual Studio Solution File, Format Version 12.00
# Visual Studio Version 17
VisualStudioVersion = 17.9.34902.65
MinimumVisualStudioVersion = 10.0.40219.1
Project("{FAE04EC0-301F-11D3-BF4B-00C04F79EFBC}") = "WebApplication1", "WebApplication1\WebApplication1.csproj", "{BCE5C959-8179-409B-B3C1-7ACC868C3BF2}"
EndProject
Global
	GlobalSection(SolutionConfigurationPlatforms) = preSolution
		Debug|Any CPU = Debug|Any CPU
		Release|Any CPU = Release|Any CPU
	EndGlobalSection
	GlobalSection(ProjectConfigurationPlatforms) = postSolution
		{BCE5C959-8179-409B-B3C1-7ACC868C3BF2}.Debug|Any CPU.ActiveCfg = Debug|Any CPU
		{BCE5C959-8179-409B-B3C1-7ACC868C3BF2}.Debug|Any CPU.Build.0 = Debug|Any CPU
		{BCE5C959-8179-409B-B3C1-7ACC868C3BF2}.Release|Any CPU.ActiveCfg = Release|Any CPU
		{BCE5C959-8179-409B-B3C1-7ACC868C3BF2}.Release|Any CPU.Build.0 = Release|Any CPU
	EndGlobalSection
	GlobalSection(SolutionProperties) = preSolution
		HideSolutionNode = FALSE
	EndGlobalSection
	GlobalSection(ExtensibilityGlobals) = postSolution
		SolutionGuid = {8627E1DD-1EA1-42E0-BB22-FAFF9017E102}
	EndGlobalSection
EndGlobal
